
Microsoft Visual Studio Solution File, Format Version 12.00
Project("{FAE04EC0-301F-11D3-BF4B-00C04F79EFBC}") = "RegexIntegrated", "RegexIntegrated\RegexIntegrated.csproj", "{9D2D734F-9E8B-443B-A190-DDA202CE5E60}"
EndProject
Project("{FAE04EC0-301F-11D3-BF4B-00C04F79EFBC}") = "Tests", "Tests\Tests.csproj", "{37B6A80D-B2A4-4CBA-BA1A-3EF5834EEF03}"
EndProject
Global
	GlobalSection(SolutionConfigurationPlatforms) = preSolution
		Debug|Any CPU = Debug|Any CPU
		Release|Any CPU = Release|Any CPU
	EndGlobalSection
	GlobalSection(ProjectConfigurationPlatforms) = postSolution
		{9D2D734F-9E8B-443B-A190-DDA202CE5E60}.Debug|Any CPU.ActiveCfg = Debug|Any CPU
		{9D2D734F-9E8B-443B-A190-DDA202CE5E60}.Debug|Any CPU.Build.0 = Debug|Any CPU
		{9D2D734F-9E8B-443B-A190-DDA202CE5E60}.Release|Any CPU.ActiveCfg = Release|Any CPU
		{9D2D734F-9E8B-443B-A190-DDA202CE5E60}.Release|Any CPU.Build.0 = Release|Any CPU
		{37B6A80D-B2A4-4CBA-BA1A-3EF5834EEF03}.Debug|Any CPU.ActiveCfg = Debug|Any CPU
		{37B6A80D-B2A4-4CBA-BA1A-3EF5834EEF03}.Debug|Any CPU.Build.0 = Debug|Any CPU
		{37B6A80D-B2A4-4CBA-BA1A-3EF5834EEF03}.Release|Any CPU.ActiveCfg = Release|Any CPU
		{37B6A80D-B2A4-4CBA-BA1A-3EF5834EEF03}.Release|Any CPU.Build.0 = Release|Any CPU
	EndGlobalSection
EndGlobal
